
Microsoft Visual Studio Solution File, Format Version 12.00
# Visual Studio 2013
VisualStudioVersion = 12.0.21005.1
MinimumVisualStudioVersion = 10.0.40219.1
Project("{FAE04EC0-301F-11D3-BF4B-00C04F79EFBC}") = "IVRControlPanel", "IVRControlPanel\IVRControlPanel.csproj", "{4916C276-0AE9-491A-8B8E-75D71EEFCACC}"
EndProject
Project("{FAE04EC0-301F-11D3-BF4B-00C04F79EFBC}") = "IVRControlPanel.Tests", "IVRControlPanel.Tests\IVRControlPanel.Tests.csproj", "{FA2AE764-45B2-44CE-8A9D-8F7D361109F5}"
EndProject
Global
	GlobalSection(SolutionConfigurationPlatforms) = preSolution
		Debug|Any CPU = Debug|Any CPU
		Release|Any CPU = Release|Any CPU
	EndGlobalSection
	GlobalSection(ProjectConfigurationPlatforms) = postSolution
		{4916C276-0AE9-491A-8B8E-75D71EEFCACC}.Debug|Any CPU.ActiveCfg = Debug|Any CPU
		{4916C276-0AE9-491A-8B8E-75D71EEFCACC}.Debug|Any CPU.Build.0 = Debug|Any CPU
		{4916C276-0AE9-491A-8B8E-75D71EEFCACC}.Release|Any CPU.ActiveCfg = Release|Any CPU
		{4916C276-0AE9-491A-8B8E-75D71EEFCACC}.Release|Any CPU.Build.0 = Release|Any CPU
		{FA2AE764-45B2-44CE-8A9D-8F7D361109F5}.Debug|Any CPU.ActiveCfg = Debug|Any CPU
		{FA2AE764-45B2-44CE-8A9D-8F7D361109F5}.Debug|Any CPU.Build.0 = Debug|Any CPU
		{FA2AE764-45B2-44CE-8A9D-8F7D361109F5}.Release|Any CPU.ActiveCfg = Release|Any CPU
		{FA2AE764-45B2-44CE-8A9D-8F7D361109F5}.Release|Any CPU.Build.0 = Release|Any CPU
	EndGlobalSection
	GlobalSection(SolutionProperties) = preSolution
		HideSolutionNode = FALSE
	EndGlobalSection
EndGlobal
